<Solution>
  <Folder Name="/src/">
    <Project Path="src/ScreenMemory.AI.App/ScreenMemory.AI.App.csproj" />
    <Project Path="src/ScreenMemory.AI.Core/ScreenMemory.AI.Core.csproj" />
  </Folder>
  <Folder Name="/tests/">
    <Project Path="tests/ScreenMemory.AI.Tests/ScreenMemory.AI.Tests.csproj" />
  </Folder>
</Solution>
